
Microsoft Visual Studio Solution File, Format Version 12.00
# Visual Studio 2013
VisualStudioVersion = 12.0.40629.0
MinimumVisualStudioVersion = 10.0.40219.1
Project("{2150E333-8FDC-42A3-9474-1A3956D46DE8}") = ".nuget", ".nuget", "{A7459874-EBD8-4BD5-910D-AD34B0A2FC15}"
	ProjectSection(SolutionItems) = preProject
		.nuget\packages.config = .nuget\packages.config
	EndProjectSection
EndProject
Project("{FAE04EC0-301F-11D3-BF4B-00C04F79EFBC}") = "DEKRA.VULNERABILIDADE.AUTORIZATION", "DEKRA.VULNERABILIDADE.AUTORIZATION\DEKRA.VULNERABILIDADE.AUTORIZATION.csproj", "{BBCB2C51-4444-40EF-B6B9-3C6D8A5EF5B3}"
EndProject
Project("{FAE04EC0-301F-11D3-BF4B-00C04F79EFBC}") = "DEKRA.VULNERABILIDADE.DATAACCESLAYER", "DEKRA.VULNERABILIDADE.DATAACCESLAYER\DEKRA.VULNERABILIDADE.DATAACCESLAYER.csproj", "{FF7DF2FD-04A3-4D7C-926D-C9D56658E646}"
EndProject
Project("{FAE04EC0-301F-11D3-BF4B-00C04F79EFBC}") = "DEKRA.VULNERABILIDADE.WEBAPI", "DEKRA.VULNERABILIDADE.WEBAPI\DEKRA.VULNERABILIDADE.WEBAPI.csproj", "{E3D8D45F-E61E-4151-91D0-FAA47E21C9A1}"
EndProject
Project("{FAE04EC0-301F-11D3-BF4B-00C04F79EFBC}") = "DEKRA.VULNERABILIDADE.WEB", "DEKRA.VULNERABILIDADE.WEB\DEKRA.VULNERABILIDADE.WEB.csproj", "{EA07CE0A-8131-44D6-B870-285908508B73}"
EndProject
Project("{FAE04EC0-301F-11D3-BF4B-00C04F79EFBC}") = "DEKRA.VULNERABILIDADE.DOMAIN", "DEKRA.VULNERABILIDADE.DOMAIN\DEKRA.VULNERABILIDADE.DOMAIN.csproj", "{94798B32-1503-4B6B-A60C-6FD8B421E9F6}"
EndProject
Project("{FAE04EC0-301F-11D3-BF4B-00C04F79EFBC}") = "DEKRA.VULNERABILIDADE.DOMAIN.CORE", "DEKRA.VULNERABILIDADE.DOMAIN.CORE\DEKRA.VULNERABILIDADE.DOMAIN.CORE.csproj", "{D5740AF9-FCDA-4406-BAE0-DD5B29905F28}"
EndProject
Project("{FAE04EC0-301F-11D3-BF4B-00C04F79EFBC}") = "DEKRA.VULNERABILIDADE.ROBO", "DEKRA.VULNERABILIDADE.ROBO\DEKRA.VULNERABILIDADE.ROBO.csproj", "{D917FE71-5105-45F0-B509-2999DD61D7EA}"
EndProject
Global
	GlobalSection(SolutionConfigurationPlatforms) = preSolution
		Debug|Any CPU = Debug|Any CPU
		Release|Any CPU = Release|Any CPU
	EndGlobalSection
	GlobalSection(ProjectConfigurationPlatforms) = postSolution
		{BBCB2C51-4444-40EF-B6B9-3C6D8A5EF5B3}.Debug|Any CPU.ActiveCfg = Debug|Any CPU
		{BBCB2C51-4444-40EF-B6B9-3C6D8A5EF5B3}.Debug|Any CPU.Build.0 = Debug|Any CPU
		{BBCB2C51-4444-40EF-B6B9-3C6D8A5EF5B3}.Release|Any CPU.ActiveCfg = Release|Any CPU
		{BBCB2C51-4444-40EF-B6B9-3C6D8A5EF5B3}.Release|Any CPU.Build.0 = Release|Any CPU
		{FF7DF2FD-04A3-4D7C-926D-C9D56658E646}.Debug|Any CPU.ActiveCfg = Debug|Any CPU
		{FF7DF2FD-04A3-4D7C-926D-C9D56658E646}.Debug|Any CPU.Build.0 = Debug|Any CPU
		{FF7DF2FD-04A3-4D7C-926D-C9D56658E646}.Release|Any CPU.ActiveCfg = Release|Any CPU
		{FF7DF2FD-04A3-4D7C-926D-C9D56658E646}.Release|Any CPU.Build.0 = Release|Any CPU
		{E3D8D45F-E61E-4151-91D0-FAA47E21C9A1}.Debug|Any CPU.ActiveCfg = Debug|Any CPU
		{E3D8D45F-E61E-4151-91D0-FAA47E21C9A1}.Debug|Any CPU.Build.0 = Debug|Any CPU
		{E3D8D45F-E61E-4151-91D0-FAA47E21C9A1}.Release|Any CPU.ActiveCfg = Release|Any CPU
		{E3D8D45F-E61E-4151-91D0-FAA47E21C9A1}.Release|Any CPU.Build.0 = Release|Any CPU
		{EA07CE0A-8131-44D6-B870-285908508B73}.Debug|Any CPU.ActiveCfg = Debug|Any CPU
		{EA07CE0A-8131-44D6-B870-285908508B73}.Debug|Any CPU.Build.0 = Debug|Any CPU
		{EA07CE0A-8131-44D6-B870-285908508B73}.Release|Any CPU.ActiveCfg = Release|Any CPU
		{EA07CE0A-8131-44D6-B870-285908508B73}.Release|Any CPU.Build.0 = Release|Any CPU
		{94798B32-1503-4B6B-A60C-6FD8B421E9F6}.Debug|Any CPU.ActiveCfg = Debug|Any CPU
		{94798B32-1503-4B6B-A60C-6FD8B421E9F6}.Debug|Any CPU.Build.0 = Debug|Any CPU
		{94798B32-1503-4B6B-A60C-6FD8B421E9F6}.Release|Any CPU.ActiveCfg = Release|Any CPU
		{94798B32-1503-4B6B-A60C-6FD8B421E9F6}.Release|Any CPU.Build.0 = Release|Any CPU
		{D5740AF9-FCDA-4406-BAE0-DD5B29905F28}.Debug|Any CPU.ActiveCfg = Debug|Any CPU
		{D5740AF9-FCDA-4406-BAE0-DD5B29905F28}.Debug|Any CPU.Build.0 = Debug|Any CPU
		{D5740AF9-FCDA-4406-BAE0-DD5B29905F28}.Release|Any CPU.ActiveCfg = Release|Any CPU
		{D5740AF9-FCDA-4406-BAE0-DD5B29905F28}.Release|Any CPU.Build.0 = Release|Any CPU
		{D917FE71-5105-45F0-B509-2999DD61D7EA}.Debug|Any CPU.ActiveCfg = Debug|Any CPU
		{D917FE71-5105-45F0-B509-2999DD61D7EA}.Debug|Any CPU.Build.0 = Debug|Any CPU
		{D917FE71-5105-45F0-B509-2999DD61D7EA}.Release|Any CPU.ActiveCfg = Release|Any CPU
		{D917FE71-5105-45F0-B509-2999DD61D7EA}.Release|Any CPU.Build.0 = Release|Any CPU
	EndGlobalSection
	GlobalSection(SolutionProperties) = preSolution
		HideSolutionNode = FALSE
	EndGlobalSection
EndGlobal
